# Generated by pub
# See https://dart.dev/tools/pub/glossary#lockfile
packages:
  change_case:
    dependency: "direct dev"
    description:
      name: change_case
      sha256: "47c48c36f95f20c6d0ba03efabceff261d05026cca322cc2c4c01c343371b5bb"
      url: "https://pub.dev"
    source: hosted
    version: "2.0.1"
  ffi:
    dependency: "direct main"
    description:
      name: ffi
      sha256: "493f37e7df1804778ff3a53bd691d8692ddf69702cf4c1c1096a2e41b4779e21"
      url: "https://pub.dev"
    source: hosted
    version: "2.1.2"
  lints:
    dependency: "direct dev"
    description:
      name: lints
      sha256: cbf8d4b858bb0134ef3ef87841abdf8d63bfc255c266b7bf6b39daa1085c4290
      url: "https://pub.dev"
    source: hosted
    version: "3.0.0"
  meta:
    dependency: transitive
    description:
      name: meta
      sha256: "7687075e408b093f36e6bbf6c91878cc0d4cd10f409506f7bc996f68220b9136"
      url: "https://pub.dev"
    source: hosted
    version: "1.12.0"
sdks:
  dart: ">=3.3.0 <4.0.0"
