# Generated by pub
# See https://dart.dev/tools/pub/glossary#lockfile
packages:
  change_case:
    dependency: "direct dev"
    description:
      name: change_case
      sha256: f4e08feaa845e75e4f5ad2b0e15f24813d7ea6c27e7b78252f0c17f752cf1157
      url: "https://pub.dev"
    source: hosted
    version: "1.1.0"
  ffi:
    dependency: "direct main"
    description:
      name: ffi
      sha256: a38574032c5f1dd06c4aee541789906c12ccaab8ba01446e800d9c5b79c4a978
      url: "https://pub.dev"
    source: hosted
    version: "2.0.1"
  lints:
    dependency: "direct dev"
    description:
      name: lints
      sha256: "5e4a9cd06d447758280a8ac2405101e0e2094d2a1dbdd3756aec3fe7775ba593"
      url: "https://pub.dev"
    source: hosted
    version: "2.0.1"
  meta:
    dependency: transitive
    description:
      name: meta
      sha256: "12307e7f0605ce3da64cf0db90e5fcab0869f3ca03f76be6bb2991ce0a55e82b"
      url: "https://pub.dev"
    source: hosted
    version: "1.9.0"
sdks:
  dart: ">=2.19.3 <3.0.0"
