# Generated by pub
# See https://dart.dev/tools/pub/glossary#lockfile
packages:
  change_case:
    dependency: "direct dev"
    description:
      name: change_case
      sha256: a2588cd4b5b3929cfe80ab76ec841437697bf3aa9270fc8e7c375387fa98db29
      url: "https://pub.dev"
    source: hosted
    version: "2.0.0"
  ffi:
    dependency: "direct main"
    description:
      name: ffi
      sha256: "7bf0adc28a23d395f19f3f1eb21dd7cfd1dd9f8e1c50051c069122e6853bc878"
      url: "https://pub.dev"
    source: hosted
    version: "2.1.0"
  lints:
    dependency: "direct dev"
    description:
      name: lints
      sha256: cbf8d4b858bb0134ef3ef87841abdf8d63bfc255c266b7bf6b39daa1085c4290
      url: "https://pub.dev"
    source: hosted
    version: "3.0.0"
  meta:
    dependency: transitive
    description:
      name: meta
      sha256: d584fa6707a52763a52446f02cc621b077888fb63b93bbcb1143a7be5a0c0c04
      url: "https://pub.dev"
    source: hosted
    version: "1.11.0"
sdks:
  dart: ">=3.2.3 <4.0.0"
